// !$*UTF8*$!
{
	archiveVersion = 1;
	classes = {
	};
	objectVersion = 56;
	objects = {

/* Begin PBXBuildFile section */
		D49D07DC2B355B0000B62F43 /* AppDelegate.swift in Sources */ = {isa = PBXBuildFile; fileRef = D49D07DB2B355B0000B62F43 /* AppDelegate.swift */; };
		D49D07DE2B355B0000B62F43 /* SceneDelegate.swift in Sources */ = {isa = PBXBuildFile; fileRef = D49D07DD2B355B0000B62F43 /* SceneDelegate.swift */; };
		D49D07E02B355B0000B62F43 /* ViewController.swift in Sources */ = {isa = PBXBuildFile; fileRef = D49D07DF2B355B0000B62F43 /* ViewController.swift */; };
		D49D07E32B355B0000B62F43 /* Main.storyboard in Resources */ = {isa = PBXBuildFile; fileRef = D49D07E12B355B0000B62F43 /* Main.storyboard */; };
		D49D07E52B355B0200B62F43 /* Assets.xcassets in Resources */ = {isa = PBXBuildFile; fileRef = D49D07E42B355B0200B62F43 /* Assets.xcassets */; };
		D49D07E82B355B0200B62F43 /* LaunchScreen.storyboard in Resources */ = {isa = PBXBuildFile; fileRef = D49D07E62B355B0200B62F43 /* LaunchScreen.storyboard */; };
		D49D07F32B355B0200B62F43 /* tableViewExerciseTests.swift in Sources */ = {isa = PBXBuildFile; fileRef = D49D07F22B355B0200B62F43 /* tableViewExerciseTests.swift */; };
		D49D07FD2B355B0200B62F43 /* tableViewExerciseUITests.swift in Sources */ = {isa = PBXBuildFile; fileRef = D49D07FC2B355B0200B62F43 /* tableViewExerciseUITests.swift */; };
		D49D07FF2B355B0200B62F43 /* tableViewExerciseUITestsLaunchTests.swift in Sources */ = {isa = PBXBuildFile; fileRef = D49D07FE2B355B0200B62F43 /* tableViewExerciseUITestsLaunchTests.swift */; };
		D49D080C2B356A0100B62F43 /* CustomTableViewCell.swift in Sources */ = {isa = PBXBuildFile; fileRef = D49D080B2B356A0100B62F43 /* CustomTableViewCell.swift */; };
		D49D080E2B361E9A00B62F43 /* SelectedTableItemViewController.swift in Sources */ = {isa = PBXBuildFile; fileRef = D49D080D2B361E9A00B62F43 /* SelectedTableItemViewController.swift */; };
		D49D08242B3F36EB00B62F43 /* Extensions.swift in Sources */ = {isa = PBXBuildFile; fileRef = D49D08232B3F36EB00B62F43 /* Extensions.swift */; };
/* End PBXBuildFile section */

/* Begin PBXContainerItemProxy section */
		D49D07EF2B355B0200B62F43 /* PBXContainerItemProxy */ = {
			isa = PBXContainerItemProxy;
			containerPortal = D49D07D02B355B0000B62F43 /* Project object */;
			proxyType = 1;
			remoteGlobalIDString = D49D07D72B355B0000B62F43;
			remoteInfo = tableViewExercise;
		};
		D49D07F92B355B0200B62F43 /* PBXContainerItemProxy */ = {
			isa = PBXContainerItemProxy;
			containerPortal = D49D07D02B355B0000B62F43 /* Project object */;
			proxyType = 1;
			remoteGlobalIDString = D49D07D72B355B0000B62F43;
			remoteInfo = tableViewExercise;
		};
/* End PBXContainerItemProxy section */

/* Begin PBXFileReference section */
		D49D07D82B355B0000B62F43 /* tableViewExercise.app */ = {isa = PBXFileReference; explicitFileType = wrapper.application; includeInIndex = 0; path = tableViewExercise.app; sourceTree = BUILT_PRODUCTS_DIR; };
		D49D07DB2B355B0000B62F43 /* AppDelegate.swift */ = {isa = PBXFileReference; lastKnownFileType = sourcecode.swift; path = AppDelegate.swift; sourceTree = "<group>"; };
		D49D07DD2B355B0000B62F43 /* SceneDelegate.swift */ = {isa = PBXFileReference; lastKnownFileType = sourcecode.swift; path = SceneDelegate.swift; sourceTree = "<group>"; };
		D49D07DF2B355B0000B62F43 /* ViewController.swift */ = {isa = PBXFileReference; lastKnownFileType = sourcecode.swift; path = ViewController.swift; sourceTree = "<group>"; };
		D49D07E22B355B0000B62F43 /* Base */ = {isa = PBXFileReference; lastKnownFileType = file.storyboard; name = Base; path = Base.lproj/Main.storyboard; sourceTree = "<group>"; };
		D49D07E42B355B0200B62F43 /* Assets.xcassets */ = {isa = PBXFileReference; lastKnownFileType = folder.assetcatalog; path = Assets.xcassets; sourceTree = "<group>"; };
		D49D07E72B355B0200B62F43 /* Base */ = {isa = PBXFileReference; lastKnownFileType = file.storyboard; name = Base; path = Base.lproj/LaunchScreen.storyboard; sourceTree = "<group>"; };
		D49D07E92B355B0200B62F43 /* Info.plist */ = {isa = PBXFileReference; lastKnownFileType = text.plist.xml; path = Info.plist; sourceTree = "<group>"; };
		D49D07EE2B355B0200B62F43 /* tableViewExerciseTests.xctest */ = {isa = PBXFileReference; explicitFileType = wrapper.cfbundle; includeInIndex = 0; path = tableViewExerciseTests.xctest; sourceTree = BUILT_PRODUCTS_DIR; };
		D49D07F22B355B0200B62F43 /* tableViewExerciseTests.swift */ = {isa = PBXFileReference; lastKnownFileType = sourcecode.swift; path = tableViewExerciseTests.swift; sourceTree = "<group>"; };
		D49D07F82B355B0200B62F43 /* tableViewExerciseUITests.xctest */ = {isa = PBXFileReference; explicitFileType = wrapper.cfbundle; includeInIndex = 0; path = tableViewExerciseUITests.xctest; sourceTree = BUILT_PRODUCTS_DIR; };
		D49D07FC2B355B0200B62F43 /* tableViewExerciseUITests.swift */ = {isa = PBXFileReference; lastKnownFileType = sourcecode.swift; path = tableViewExerciseUITests.swift; sourceTree = "<group>"; };
		D49D07FE2B355B0200B62F43 /* tableViewExerciseUITestsLaunchTests.swift */ = {isa = PBXFileReference; lastKnownFileType = sourcecode.swift; path = tableViewExerciseUITestsLaunchTests.swift; sourceTree = "<group>"; };
		D49D080B2B356A0100B62F43 /* CustomTableViewCell.swift */ = {isa = PBXFileReference; lastKnownFileType = sourcecode.swift; path = CustomTableViewCell.swift; sourceTree = "<group>"; };
		D49D080D2B361E9A00B62F43 /* SelectedTableItemViewController.swift */ = {isa = PBXFileReference; lastKnownFileType = sourcecode.swift; path = SelectedTableItemViewController.swift; sourceTree = "<group>"; };
		D49D08232B3F36EB00B62F43 /* Extensions.swift */ = {isa = PBXFileReference; lastKnownFileType = sourcecode.swift; path = Extensions.swift; sourceTree = "<group>"; };
/* End PBXFileReference section */

/* Begin PBXFrameworksBuildPhase section */
		D49D07D52B355B0000B62F43 /* Frameworks */ = {
			isa = PBXFrameworksBuildPhase;
			buildActionMask = 2147483647;
			files = (
			);
			runOnlyForDeploymentPostprocessing = 0;
		};
		D49D07EB2B355B0200B62F43 /* Frameworks */ = {
			isa = PBXFrameworksBuildPhase;
			buildActionMask = 2147483647;
			files = (
			);
			runOnlyForDeploymentPostprocessing = 0;
		};
		D49D07F52B355B0200B62F43 /* Frameworks */ = {
			isa = PBXFrameworksBuildPhase;
			buildActionMask = 2147483647;
			files = (
			);
			runOnlyForDeploymentPostprocessing = 0;
		};
/* End PBXFrameworksBuildPhase section */

/* Begin PBXGroup section */
		D49D07CF2B355B0000B62F43 = {
			isa = PBXGroup;
			children = (
				D49D07DA2B355B0000B62F43 /* tableViewExercise */,
				D49D07F12B355B0200B62F43 /* tableViewExerciseTests */,
				D49D07FB2B355B0200B62F43 /* tableViewExerciseUITests */,
				D49D07D92B355B0000B62F43 /* Products */,
			);
			sourceTree = "<group>";
		};
		D49D07D92B355B0000B62F43 /* Products */ = {
			isa = PBXGroup;
			children = (
				D49D07D82B355B0000B62F43 /* tableViewExercise.app */,
				D49D07EE2B355B0200B62F43 /* tableViewExerciseTests.xctest */,
				D49D07F82B355B0200B62F43 /* tableViewExerciseUITests.xctest */,
			);
			name = Products;
			sourceTree = "<group>";
		};
		D49D07DA2B355B0000B62F43 /* tableViewExercise */ = {
			isa = PBXGroup;
			children = (
				D49D08222B3A707B00B62F43 /* selectedCellTableView */,
				D49D08212B3A704D00B62F43 /* selectionTableView */,
				D49D07DB2B355B0000B62F43 /* AppDelegate.swift */,
				D49D07DD2B355B0000B62F43 /* SceneDelegate.swift */,
				D49D07DF2B355B0000B62F43 /* ViewController.swift */,
				D49D07E12B355B0000B62F43 /* Main.storyboard */,
				D49D07E42B355B0200B62F43 /* Assets.xcassets */,
				D49D07E62B355B0200B62F43 /* LaunchScreen.storyboard */,
				D49D07E92B355B0200B62F43 /* Info.plist */,
				D49D080B2B356A0100B62F43 /* CustomTableViewCell.swift */,
			);
			path = tableViewExercise;
			sourceTree = "<group>";
		};
		D49D07F12B355B0200B62F43 /* tableViewExerciseTests */ = {
			isa = PBXGroup;
			children = (
				D49D07F22B355B0200B62F43 /* tableViewExerciseTests.swift */,
			);
			path = tableViewExerciseTests;
			sourceTree = "<group>";
		};
		D49D07FB2B355B0200B62F43 /* tableViewExerciseUITests */ = {
			isa = PBXGroup;
			children = (
				D49D07FC2B355B0200B62F43 /* tableViewExerciseUITests.swift */,
				D49D07FE2B355B0200B62F43 /* tableViewExerciseUITestsLaunchTests.swift */,
			);
			path = tableViewExerciseUITests;
			sourceTree = "<group>";
		};
		D49D08212B3A704D00B62F43 /* selectionTableView */ = {
			isa = PBXGroup;
			children = (
			);
			path = selectionTableView;
			sourceTree = "<group>";
		};
		D49D08222B3A707B00B62F43 /* selectedCellTableView */ = {
			isa = PBXGroup;
			children = (
				D49D080D2B361E9A00B62F43 /* SelectedTableItemViewController.swift */,
				D49D08232B3F36EB00B62F43 /* Extensions.swift */,
			);
			path = selectedCellTableView;
			sourceTree = "<group>";
		};
/* End PBXGroup section */

/* Begin PBXNativeTarget section */
		D49D07D72B355B0000B62F43 /* tableViewExercise */ = {
			isa = PBXNativeTarget;
			buildConfigurationList = D49D08022B355B0200B62F43 /* Build configuration list for PBXNativeTarget "tableViewExercise" */;
			buildPhases = (
				D49D07D42B355B0000B62F43 /* Sources */,
				D49D07D52B355B0000B62F43 /* Frameworks */,
				D49D07D62B355B0000B62F43 /* Resources */,
			);
			buildRules = (
			);
			dependencies = (
			);
			name = tableViewExercise;
			productName = tableViewExercise;
			productReference = D49D07D82B355B0000B62F43 /* tableViewExercise.app */;
			productType = "com.apple.product-type.application";
		};
		D49D07ED2B355B0200B62F43 /* tableViewExerciseTests */ = {
			isa = PBXNativeTarget;
			buildConfigurationList = D49D08052B355B0200B62F43 /* Build configuration list for PBXNativeTarget "tableViewExerciseTests" */;
			buildPhases = (
				D49D07EA2B355B0200B62F43 /* Sources */,
				D49D07EB2B355B0200B62F43 /* Frameworks */,
				D49D07EC2B355B0200B62F43 /* Resources */,
			);
			buildRules = (
			);
			dependencies = (
				D49D07F02B355B0200B62F43 /* PBXTargetDependency */,
			);
			name = tableViewExerciseTests;
			productName = tableViewExerciseTests;
			productReference = D49D07EE2B355B0200B62F43 /* tableViewExerciseTests.xctest */;
			productType = "com.apple.product-type.bundle.unit-test";
		};
		D49D07F72B355B0200B62F43 /* tableViewExerciseUITests */ = {
			isa = PBXNativeTarget;
			buildConfigurationList = D49D08082B355B0200B62F43 /* Build configuration list for PBXNativeTarget "tableViewExerciseUITests" */;
			buildPhases = (
				D49D07F42B355B0200B62F43 /* Sources */,
				D49D07F52B355B0200B62F43 /* Frameworks */,
				D49D07F62B355B0200B62F43 /* Resources */,
			);
			buildRules = (
			);
			dependencies = (
				D49D07FA2B355B0200B62F43 /* PBXTargetDependency */,
			);
			name = tableViewExerciseUITests;
			productName = tableViewExerciseUITests;
			productReference = D49D07F82B355B0200B62F43 /* tableViewExerciseUITests.xctest */;
			productType = "com.apple.product-type.bundle.ui-testing";
		};
/* End PBXNativeTarget section */

/* Begin PBXProject section */
		D49D07D02B355B0000B62F43 /* Project object */ = {
			isa = PBXProject;
			attributes = {
				BuildIndependentTargetsInParallel = 1;
				LastSwiftUpdateCheck = 1420;
				LastUpgradeCheck = 1420;
				TargetAttributes = {
					D49D07D72B355B0000B62F43 = {
						CreatedOnToolsVersion = 14.2;
					};
					D49D07ED2B355B0200B62F43 = {
						CreatedOnToolsVersion = 14.2;
						TestTargetID = D49D07D72B355B0000B62F43;
					};
					D49D07F72B355B0200B62F43 = {
						CreatedOnToolsVersion = 14.2;
						TestTargetID = D49D07D72B355B0000B62F43;
					};
				};
			};
			buildConfigurationList = D49D07D32B355B0000B62F43 /* Build configuration list for PBXProject "tableViewExercise" */;
			compatibilityVersion = "Xcode 14.0";
			developmentRegion = en;
			hasScannedForEncodings = 0;
			knownRegions = (
				en,
				Base,
			);
			mainGroup = D49D07CF2B355B0000B62F43;
			productRefGroup = D49D07D92B355B0000B62F43 /* Products */;
			projectDirPath = "";
			projectRoot = "";
			targets = (
				D49D07D72B355B0000B62F43 /* tableViewExercise */,
				D49D07ED2B355B0200B62F43 /* tableViewExerciseTests */,
				D49D07F72B355B0200B62F43 /* tableViewExerciseUITests */,
			);
		};
/* End PBXProject section */

/* Begin PBXResourcesBuildPhase section */
		D49D07D62B355B0000B62F43 /* Resources */ = {
			isa = PBXResourcesBuildPhase;
			buildActionMask = 2147483647;
			files = (
				D49D07E82B355B0200B62F43 /* LaunchScreen.storyboard in Resources */,
				D49D07E52B355B0200B62F43 /* Assets.xcassets in Resources */,
				D49D07E32B355B0000B62F43 /* Main.storyboard in Resources */,
			);
			runOnlyForDeploymentPostprocessing = 0;
		};
		D49D07EC2B355B0200B62F43 /* Resources */ = {
			isa = PBXResourcesBuildPhase;
			buildActionMask = 2147483647;
			files = (
			);
			runOnlyForDeploymentPostprocessing = 0;
		};
		D49D07F62B355B0200B62F43 /* Resources */ = {
			isa = PBXResourcesBuildPhase;
			buildActionMask = 2147483647;
			files = (
			);
			runOnlyForDeploymentPostprocessing = 0;
		};
/* End PBXResourcesBuildPhase section */

/* Begin PBXSourcesBuildPhase section */
		D49D07D42B355B0000B62F43 /* Sources */ = {
			isa = PBXSourcesBuildPhase;
			buildActionMask = 2147483647;
			files = (
				D49D07E02B355B0000B62F43 /* ViewController.swift in Sources */,
				D49D08242B3F36EB00B62F43 /* Extensions.swift in Sources */,
				D49D080E2B361E9A00B62F43 /* SelectedTableItemViewController.swift in Sources */,
				D49D07DC2B355B0000B62F43 /* AppDelegate.swift in Sources */,
				D49D080C2B356A0100B62F43 /* CustomTableViewCell.swift in Sources */,
				D49D07DE2B355B0000B62F43 /* SceneDelegate.swift in Sources */,
			);
			runOnlyForDeploymentPostprocessing = 0;
		};
		D49D07EA2B355B0200B62F43 /* Sources */ = {
			isa = PBXSourcesBuildPhase;
			buildActionMask = 2147483647;
			files = (
				D49D07F32B355B0200B62F43 /* tableViewExerciseTests.swift in Sources */,
			);
			runOnlyForDeploymentPostprocessing = 0;
		};
		D49D07F42B355B0200B62F43 /* Sources */ = {
			isa = PBXSourcesBuildPhase;
			buildActionMask = 2147483647;
			files = (
				D49D07FF2B355B0200B62F43 /* tableViewExerciseUITestsLaunchTests.swift in Sources */,
				D49D07FD2B355B0200B62F43 /* tableViewExerciseUITests.swift in Sources */,
			);
			runOnlyForDeploymentPostprocessing = 0;
		};
/* End PBXSourcesBuildPhase section */

/* Begin PBXTargetDependency section */
		D49D07F02B355B0200B62F43 /* PBXTargetDependency */ = {
			isa = PBXTargetDependency;
			target = D49D07D72B355B0000B62F43 /* tableViewExercise */;
			targetProxy = D49D07EF2B355B0200B62F43 /* PBXContainerItemProxy */;
		};
		D49D07FA2B355B0200B62F43 /* PBXTargetDependency */ = {
			isa = PBXTargetDependency;
			target = D49D07D72B355B0000B62F43 /* tableViewExercise */;
			targetProxy = D49D07F92B355B0200B62F43 /* PBXContainerItemProxy */;
		};
/* End PBXTargetDependency section */

/* Begin PBXVariantGroup section */
		D49D07E12B355B0000B62F43 /* Main.storyboard */ = {
			isa = PBXVariantGroup;
			children = (
				D49D07E22B355B0000B62F43 /* Base */,
			);
			name = Main.storyboard;
			sourceTree = "<group>";
		};
		D49D07E62B355B0200B62F43 /* LaunchScreen.storyboard */ = {
			isa = PBXVariantGroup;
			children = (
				D49D07E72B355B0200B62F43 /* Base */,
			);
			name = LaunchScreen.storyboard;
			sourceTree = "<group>";
		};
/* End PBXVariantGroup section */

/* Begin XCBuildConfiguration section */
		D49D08002B355B0200B62F43 /* Debug */ = {
			isa = XCBuildConfiguration;
			buildSettings = {
				ALWAYS_SEARCH_USER_PATHS = NO;
				CLANG_ANALYZER_NONNULL = YES;
				CLANG_ANALYZER_NUMBER_OBJECT_CONVERSION = YES_AGGRESSIVE;
				CLANG_CXX_LANGUAGE_STANDARD = "gnu++20";
				CLANG_ENABLE_MODULES = YES;
				CLANG_ENABLE_OBJC_ARC = YES;
				CLANG_ENABLE_OBJC_WEAK = YES;
				CLANG_WARN_BLOCK_CAPTURE_AUTORELEASING = YES;
				CLANG_WARN_BOOL_CONVERSION = YES;
				CLANG_WARN_COMMA = YES;
				CLANG_WARN_CONSTANT_CONVERSION = YES;
				CLANG_WARN_DEPRECATED_OBJC_IMPLEMENTATIONS = YES;
				CLANG_WARN_DIRECT_OBJC_ISA_USAGE = YES_ERROR;
				CLANG_WARN_DOCUMENTATION_COMMENTS = YES;
				CLANG_WARN_EMPTY_BODY = YES;
				CLANG_WARN_ENUM_CONVERSION = YES;
				CLANG_WARN_INFINITE_RECURSION = YES;
				CLANG_WARN_INT_CONVERSION = YES;
				CLANG_WARN_NON_LITERAL_NULL_CONVERSION = YES;
				CLANG_WARN_OBJC_IMPLICIT_RETAIN_SELF = YES;
				CLANG_WARN_OBJC_LITERAL_CONVERSION = YES;
				CLANG_WARN_OBJC_ROOT_CLASS = YES_ERROR;
				CLANG_WARN_QUOTED_INCLUDE_IN_FRAMEWORK_HEADER = YES;
				CLANG_WARN_RANGE_LOOP_ANALYSIS = YES;
				CLANG_WARN_STRICT_PROTOTYPES = YES;
				CLANG_WARN_SUSPICIOUS_MOVE = YES;
				CLANG_WARN_UNGUARDED_AVAILABILITY = YES_AGGRESSIVE;
				CLANG_WARN_UNREACHABLE_CODE = YES;
				CLANG_WARN__DUPLICATE_METHOD_MATCH = YES;
				COPY_PHASE_STRIP = NO;
				DEBUG_INFORMATION_FORMAT = dwarf;
				ENABLE_STRICT_OBJC_MSGSEND = YES;
				ENABLE_TESTABILITY = YES;
				GCC_C_LANGUAGE_STANDARD = gnu11;
				GCC_DYNAMIC_NO_PIC = NO;
				GCC_NO_COMMON_BLOCKS = YES;
				GCC_OPTIMIZATION_LEVEL = 0;
				GCC_PREPROCESSOR_DEFINITIONS = (
					"DEBUG=1",
					"$(inherited)",
				);
				GCC_WARN_64_TO_32_BIT_CONVERSION = YES;
				GCC_WARN_ABOUT_RETURN_TYPE = YES_ERROR;
				GCC_WARN_UNDECLARED_SELECTOR = YES;
				GCC_WARN_UNINITIALIZED_AUTOS = YES_AGGRESSIVE;
				GCC_WARN_UNUSED_FUNCTION = YES;
				GCC_WARN_UNUSED_VARIABLE = YES;
				IPHONEOS_DEPLOYMENT_TARGET = 16.2;
				MTL_ENABLE_DEBUG_INFO = INCLUDE_SOURCE;
				MTL_FAST_MATH = YES;
				ONLY_ACTIVE_ARCH = YES;
				SDKROOT = iphoneos;
				SWIFT_ACTIVE_COMPILATION_CONDITIONS = DEBUG;
				SWIFT_OPTIMIZATION_LEVEL = "-Onone";
			};
			name = Debug;
		};
		D49D08012B355B0200B62F43 /* Release */ = {
			isa = XCBuildConfiguration;
			buildSettings = {
				ALWAYS_SEARCH_USER_PATHS = NO;
				CLANG_ANALYZER_NONNULL = YES;
				CLANG_ANALYZER_NUMBER_OBJECT_CONVERSION = YES_AGGRESSIVE;
				CLANG_CXX_LANGUAGE_STANDARD = "gnu++20";
				CLANG_ENABLE_MODULES = YES;
				CLANG_ENABLE_OBJC_ARC = YES;
				CLANG_ENABLE_OBJC_WEAK = YES;
				CLANG_WARN_BLOCK_CAPTURE_AUTORELEASING = YES;
				CLANG_WARN_BOOL_CONVERSION = YES;
				CLANG_WARN_COMMA = YES;
				CLANG_WARN_CONSTANT_CONVERSION = YES;
				CLANG_WARN_DEPRECATED_OBJC_IMPLEMENTATIONS = YES;
				CLANG_WARN_DIRECT_OBJC_ISA_USAGE = YES_ERROR;
				CLANG_WARN_DOCUMENTATION_COMMENTS = YES;
				CLANG_WARN_EMPTY_BODY = YES;
				CLANG_WARN_ENUM_CONVERSION = YES;
				CLANG_WARN_INFINITE_RECURSION = YES;
				CLANG_WARN_INT_CONVERSION = YES;
				CLANG_WARN_NON_LITERAL_NULL_CONVERSION = YES;
				CLANG_WARN_OBJC_IMPLICIT_RETAIN_SELF = YES;
				CLANG_WARN_OBJC_LITERAL_CONVERSION = YES;
				CLANG_WARN_OBJC_ROOT_CLASS = YES_ERROR;
				CLANG_WARN_QUOTED_INCLUDE_IN_FRAMEWORK_HEADER = YES;
				CLANG_WARN_RANGE_LOOP_ANALYSIS = YES;
				CLANG_WARN_STRICT_PROTOTYPES = YES;
				CLANG_WARN_SUSPICIOUS_MOVE = YES;
				CLANG_WARN_UNGUARDED_AVAILABILITY = YES_AGGRESSIVE;
				CLANG_WARN_UNREACHABLE_CODE = YES;
				CLANG_WARN__DUPLICATE_METHOD_MATCH = YES;
				COPY_PHASE_STRIP = NO;
				DEBUG_INFORMATION_FORMAT = "dwarf-with-dsym";
				ENABLE_NS_ASSERTIONS = NO;
				ENABLE_STRICT_OBJC_MSGSEND = YES;
				GCC_C_LANGUAGE_STANDARD = gnu11;
				GCC_NO_COMMON_BLOCKS = YES;
				GCC_WARN_64_TO_32_BIT_CONVERSION = YES;
				GCC_WARN_ABOUT_RETURN_TYPE = YES_ERROR;
				GCC_WARN_UNDECLARED_SELECTOR = YES;
				GCC_WARN_UNINITIALIZED_AUTOS = YES_AGGRESSIVE;
				GCC_WARN_UNUSED_FUNCTION = YES;
				GCC_WARN_UNUSED_VARIABLE = YES;
				IPHONEOS_DEPLOYMENT_TARGET = 16.2;
				MTL_ENABLE_DEBUG_INFO = NO;
				MTL_FAST_MATH = YES;
				SDKROOT = iphoneos;
				SWIFT_COMPILATION_MODE = wholemodule;
				SWIFT_OPTIMIZATION_LEVEL = "-O";
				VALIDATE_PRODUCT = YES;
			};
			name = Release;
		};
		D49D08032B355B0200B62F43 /* Debug */ = {
			isa = XCBuildConfiguration;
			buildSettings = {
				ASSETCATALOG_COMPILER_APPICON_NAME = AppIcon;
				ASSETCATALOG_COMPILER_GLOBAL_ACCENT_COLOR_NAME = AccentColor;
				CODE_SIGN_STYLE = Automatic;
				CURRENT_PROJECT_VERSION = 1;
				GENERATE_INFOPLIST_FILE = YES;
				INFOPLIST_FILE = tableViewExercise/Info.plist;
				INFOPLIST_KEY_UIApplicationSupportsIndirectInputEvents = YES;
				INFOPLIST_KEY_UILaunchStoryboardName = LaunchScreen;
				INFOPLIST_KEY_UIMainStoryboardFile = Main;
				INFOPLIST_KEY_UISupportedInterfaceOrientations_iPad = "UIInterfaceOrientationPortrait UIInterfaceOrientationPortraitUpsideDown UIInterfaceOrientationLandscapeLeft UIInterfaceOrientationLandscapeRight";
				INFOPLIST_KEY_UISupportedInterfaceOrientations_iPhone = "UIInterfaceOrientationPortrait UIInterfaceOrientationLandscapeLeft UIInterfaceOrientationLandscapeRight";
				LD_RUNPATH_SEARCH_PATHS = (
					"$(inherited)",
					"@executable_path/Frameworks",
				);
				MARKETING_VERSION = 1.0;
				PRODUCT_BUNDLE_IDENTIFIER = flor.tableViewExercise;
				PRODUCT_NAME = "$(TARGET_NAME)";
				SWIFT_EMIT_LOC_STRINGS = YES;
				SWIFT_VERSION = 5.0;
				TARGETED_DEVICE_FAMILY = "1,2";
			};
			name = Debug;
		};
		D49D08042B355B0200B62F43 /* Release */ = {
			isa = XCBuildConfiguration;
			buildSettings = {
				ASSETCATALOG_COMPILER_APPICON_NAME = AppIcon;
				ASSETCATALOG_COMPILER_GLOBAL_ACCENT_COLOR_NAME = AccentColor;
				CODE_SIGN_STYLE = Automatic;
				CURRENT_PROJECT_VERSION = 1;
				GENERATE_INFOPLIST_FILE = YES;
				INFOPLIST_FILE = tableViewExercise/Info.plist;
				INFOPLIST_KEY_UIApplicationSupportsIndirectInputEvents = YES;
				INFOPLIST_KEY_UILaunchStoryboardName = LaunchScreen;
				INFOPLIST_KEY_UIMainStoryboardFile = Main;
				INFOPLIST_KEY_UISupportedInterfaceOrientations_iPad = "UIInterfaceOrientationPortrait UIInterfaceOrientationPortraitUpsideDown UIInterfaceOrientationLandscapeLeft UIInterfaceOrientationLandscapeRight";
				INFOPLIST_KEY_UISupportedInterfaceOrientations_iPhone = "UIInterfaceOrientationPortrait UIInterfaceOrientationLandscapeLeft UIInterfaceOrientationLandscapeRight";
				LD_RUNPATH_SEARCH_PATHS = (
					"$(inherited)",
					"@executable_path/Frameworks",
				);
				MARKETING_VERSION = 1.0;
				PRODUCT_BUNDLE_IDENTIFIER = flor.tableViewExercise;
				PRODUCT_NAME = "$(TARGET_NAME)";
				SWIFT_EMIT_LOC_STRINGS = YES;
				SWIFT_VERSION = 5.0;
				TARGETED_DEVICE_FAMILY = "1,2";
			};
			name = Release;
		};
		D49D08062B355B0200B62F43 /* Debug */ = {
			isa = XCBuildConfiguration;
			buildSettings = {
				ALWAYS_EMBED_SWIFT_STANDARD_LIBRARIES = YES;
				BUNDLE_LOADER = "$(TEST_HOST)";
				CODE_SIGN_STYLE = Automatic;
				CURRENT_PROJECT_VERSION = 1;
				GENERATE_INFOPLIST_FILE = YES;
				IPHONEOS_DEPLOYMENT_TARGET = 16.2;
				MARKETING_VERSION = 1.0;
				PRODUCT_BUNDLE_IDENTIFIER = flor.tableViewExerciseTests;
				PRODUCT_NAME = "$(TARGET_NAME)";
				SWIFT_EMIT_LOC_STRINGS = NO;
				SWIFT_VERSION = 5.0;
				TARGETED_DEVICE_FAMILY = "1,2";
				TEST_HOST = "$(BUILT_PRODUCTS_DIR)/tableViewExercise.app/$(BUNDLE_EXECUTABLE_FOLDER_PATH)/tableViewExercise";
			};
			name = Debug;
		};
		D49D08072B355B0200B62F43 /* Release */ = {
			isa = XCBuildConfiguration;
			buildSettings = {
				ALWAYS_EMBED_SWIFT_STANDARD_LIBRARIES = YES;
				BUNDLE_LOADER = "$(TEST_HOST)";
				CODE_SIGN_STYLE = Automatic;
				CURRENT_PROJECT_VERSION = 1;
				GENERATE_INFOPLIST_FILE = YES;
				IPHONEOS_DEPLOYMENT_TARGET = 16.2;
				MARKETING_VERSION = 1.0;
				PRODUCT_BUNDLE_IDENTIFIER = flor.tableViewExerciseTests;
				PRODUCT_NAME = "$(TARGET_NAME)";
				SWIFT_EMIT_LOC_STRINGS = NO;
				SWIFT_VERSION = 5.0;
				TARGETED_DEVICE_FAMILY = "1,2";
				TEST_HOST = "$(BUILT_PRODUCTS_DIR)/tableViewExercise.app/$(BUNDLE_EXECUTABLE_FOLDER_PATH)/tableViewExercise";
			};
			name = Release;
		};
		D49D08092B355B0200B62F43 /* Debug */ = {
			isa = XCBuildConfiguration;
			buildSettings = {
				ALWAYS_EMBED_SWIFT_STANDARD_LIBRARIES = YES;
				CODE_SIGN_STYLE = Automatic;
				CURRENT_PROJECT_VERSION = 1;
				GENERATE_INFOPLIST_FILE = YES;
				MARKETING_VERSION = 1.0;
				PRODUCT_BUNDLE_IDENTIFIER = flor.tableViewExerciseUITests;
				PRODUCT_NAME = "$(TARGET_NAME)";
				SWIFT_EMIT_LOC_STRINGS = NO;
				SWIFT_VERSION = 5.0;
				TARGETED_DEVICE_FAMILY = "1,2";
				TEST_TARGET_NAME = tableViewExercise;
			};
			name = Debug;
		};
		D49D080A2B355B0200B62F43 /* Release */ = {
			isa = XCBuildConfiguration;
			buildSettings = {
				ALWAYS_EMBED_SWIFT_STANDARD_LIBRARIES = YES;
				CODE_SIGN_STYLE = Automatic;
				CURRENT_PROJECT_VERSION = 1;
				GENERATE_INFOPLIST_FILE = YES;
				MARKETING_VERSION = 1.0;
				PRODUCT_BUNDLE_IDENTIFIER = flor.tableViewExerciseUITests;
				PRODUCT_NAME = "$(TARGET_NAME)";
				SWIFT_EMIT_LOC_STRINGS = NO;
				SWIFT_VERSION = 5.0;
				TARGETED_DEVICE_FAMILY = "1,2";
				TEST_TARGET_NAME = tableViewExercise;
			};
			name = Release;
		};
/* End XCBuildConfiguration section */

/* Begin XCConfigurationList section */
		D49D07D32B355B0000B62F43 /* Build configuration list for PBXProject "tableViewExercise" */ = {
			isa = XCConfigurationList;
			buildConfigurations = (
				D49D08002B355B0200B62F43 /* Debug */,
				D49D08012B355B0200B62F43 /* Release */,
			);
			defaultConfigurationIsVisible = 0;
			defaultConfigurationName = Release;
		};
		D49D08022B355B0200B62F43 /* Build configuration list for PBXNativeTarget "tableViewExercise" */ = {
			isa = XCConfigurationList;
			buildConfigurations = (
				D49D08032B355B0200B62F43 /* Debug */,
				D49D08042B355B0200B62F43 /* Release */,
			);
			defaultConfigurationIsVisible = 0;
			defaultConfigurationName = Release;
		};
		D49D08052B355B0200B62F43 /* Build configuration list for PBXNativeTarget "tableViewExerciseTests" */ = {
			isa = XCConfigurationList;
			buildConfigurations = (
				D49D08062B355B0200B62F43 /* Debug */,
				D49D08072B355B0200B62F43 /* Release */,
			);
			defaultConfigurationIsVisible = 0;
			defaultConfigurationName = Release;
		};
		D49D08082B355B0200B62F43 /* Build configuration list for PBXNativeTarget "tableViewExerciseUITests" */ = {
			isa = XCConfigurationList;
			buildConfigurations = (
				D49D08092B355B0200B62F43 /* Debug */,
				D49D080A2B355B0200B62F43 /* Release */,
			);
			defaultConfigurationIsVisible = 0;
			defaultConfigurationName = Release;
		};
/* End XCConfigurationList section */
	};
	rootObject = D49D07D02B355B0000B62F43 /* Project object */;
}
